
Microsoft Visual Studio Solution File, Format Version 12.00
# Visual Studio 15
VisualStudioVersion = 15.0.27703.2000
MinimumVisualStudioVersion = 10.0.40219.1
Project("{FAE04EC0-301F-11D3-BF4B-00C04F79EFBC}") = "FizzBuzz", "FizzBuzz\FizzBuzz.csproj", "{0469B62A-165B-495A-96C5-58B040DD14F7}"
EndProject
Project("{FAE04EC0-301F-11D3-BF4B-00C04F79EFBC}") = "FizzBuzz.Tests", "FizzBuzz.Tests\FizzBuzz.Tests.csproj", "{8D008FB4-0D5C-4633-959F-B0B467409808}"
EndProject
Global
	GlobalSection(SolutionConfigurationPlatforms) = preSolution
		Debug|Any CPU = Debug|Any CPU
		Release|Any CPU = Release|Any CPU
	EndGlobalSection
	GlobalSection(ProjectConfigurationPlatforms) = postSolution
		{0469B62A-165B-495A-96C5-58B040DD14F7}.Debug|Any CPU.ActiveCfg = Debug|Any CPU
		{0469B62A-165B-495A-96C5-58B040DD14F7}.Debug|Any CPU.Build.0 = Debug|Any CPU
		{0469B62A-165B-495A-96C5-58B040DD14F7}.Release|Any CPU.ActiveCfg = Release|Any CPU
		{0469B62A-165B-495A-96C5-58B040DD14F7}.Release|Any CPU.Build.0 = Release|Any CPU
		{8D008FB4-0D5C-4633-959F-B0B467409808}.Debug|Any CPU.ActiveCfg = Debug|Any CPU
		{8D008FB4-0D5C-4633-959F-B0B467409808}.Debug|Any CPU.Build.0 = Debug|Any CPU
		{8D008FB4-0D5C-4633-959F-B0B467409808}.Release|Any CPU.ActiveCfg = Release|Any CPU
		{8D008FB4-0D5C-4633-959F-B0B467409808}.Release|Any CPU.Build.0 = Release|Any CPU
	EndGlobalSection
	GlobalSection(SolutionProperties) = preSolution
		HideSolutionNode = FALSE
	EndGlobalSection
	GlobalSection(ExtensibilityGlobals) = postSolution
		SolutionGuid = {3100653D-E027-475A-B82A-F5B1B3537A07}
	EndGlobalSection
EndGlobal
